
Microsoft Visual Studio Solution File, Format Version 12.00
# Visual Studio Version 16
VisualStudioVersion = 16.0.33328.57
MinimumVisualStudioVersion = 10.0.40219.1
Project("{FAE04EC0-301F-11D3-BF4B-00C04F79EFBC}") = "Ceramics_Store", "Ceramics_Store\Ceramics_Store.csproj", "{A76CC763-961B-4461-9814-F5E8FBD45C4C}"
EndProject
Global
	GlobalSection(SolutionConfigurationPlatforms) = preSolution
		Debug|Any CPU = Debug|Any CPU
		Release|Any CPU = Release|Any CPU
	EndGlobalSection
	GlobalSection(ProjectConfigurationPlatforms) = postSolution
		{A76CC763-961B-4461-9814-F5E8FBD45C4C}.Debug|Any CPU.ActiveCfg = Debug|Any CPU
		{A76CC763-961B-4461-9814-F5E8FBD45C4C}.Debug|Any CPU.Build.0 = Debug|Any CPU
		{A76CC763-961B-4461-9814-F5E8FBD45C4C}.Release|Any CPU.ActiveCfg = Release|Any CPU
		{A76CC763-961B-4461-9814-F5E8FBD45C4C}.Release|Any CPU.Build.0 = Release|Any CPU
	EndGlobalSection
	GlobalSection(SolutionProperties) = preSolution
		HideSolutionNode = FALSE
	EndGlobalSection
	GlobalSection(ExtensibilityGlobals) = postSolution
		SolutionGuid = {471A4912-F9EA-4957-A05E-59FC15739F70}
	EndGlobalSection
EndGlobal
